
Microsoft Visual Studio Solution File, Format Version 12.00
# Visual Studio Version 16
VisualStudioVersion = 16.0.28803.352
MinimumVisualStudioVersion = 10.0.40219.1
Project("{FAE04EC0-301F-11D3-BF4B-00C04F79EFBC}") = "1612018_1612175_PlaneTicketSelling", "1612018_1612175_PlaneTicketSelling\1612018_1612175_PlaneTicketSelling.csproj", "{D9065D32-C0B4-4731-99E4-F94FE63F3B74}"
EndProject
Global
	GlobalSection(SolutionConfigurationPlatforms) = preSolution
		Debug|Any CPU = Debug|Any CPU
		Release|Any CPU = Release|Any CPU
	EndGlobalSection
	GlobalSection(ProjectConfigurationPlatforms) = postSolution
		{D9065D32-C0B4-4731-99E4-F94FE63F3B74}.Debug|Any CPU.ActiveCfg = Debug|Any CPU
		{D9065D32-C0B4-4731-99E4-F94FE63F3B74}.Debug|Any CPU.Build.0 = Debug|Any CPU
		{D9065D32-C0B4-4731-99E4-F94FE63F3B74}.Release|Any CPU.ActiveCfg = Release|Any CPU
		{D9065D32-C0B4-4731-99E4-F94FE63F3B74}.Release|Any CPU.Build.0 = Release|Any CPU
	EndGlobalSection
	GlobalSection(SolutionProperties) = preSolution
		HideSolutionNode = FALSE
	EndGlobalSection
	GlobalSection(ExtensibilityGlobals) = postSolution
		SolutionGuid = {B721A0E6-C019-43B1-B026-EBD491F88276}
	EndGlobalSection
EndGlobal
